
Microsoft Visual Studio Solution File, Format Version 12.00
# Visual Studio Version 17
VisualStudioVersion = 17.0.31903.59
Project("{FAE04EC0-301F-11D3-BF4B-00C04F79EFBC}") = "NumberTheory", "NumberTheory\NumberTheory.csproj", "{83C3C980-C917-471D-995E-D91E327C7004}"
EndProject
Project("{FAE04EC0-301F-11D3-BF4B-00C04F79EFBC}") = "NumberTheoryTests", "NumberTheoryTests\NumberTheoryTests.csproj", "{D0021046-DD30-419C-9786-010F5684E775}"
EndProject
Global
	GlobalSection(SolutionConfigurationPlatforms) = preSolution
		Debug|Any CPU = Debug|Any CPU
		Release|Any CPU = Release|Any CPU
	EndGlobalSection
	GlobalSection(ProjectConfigurationPlatforms) = postSolution
		{83C3C980-C917-471D-995E-D91E327C7004}.Debug|Any CPU.ActiveCfg = Debug|Any CPU
		{83C3C980-C917-471D-995E-D91E327C7004}.Debug|Any CPU.Build.0 = Debug|Any CPU
		{83C3C980-C917-471D-995E-D91E327C7004}.Release|Any CPU.ActiveCfg = Release|Any CPU
		{83C3C980-C917-471D-995E-D91E327C7004}.Release|Any CPU.Build.0 = Release|Any CPU
		{D0021046-DD30-419C-9786-010F5684E775}.Debug|Any CPU.ActiveCfg = Debug|Any CPU
		{D0021046-DD30-419C-9786-010F5684E775}.Debug|Any CPU.Build.0 = Debug|Any CPU
		{D0021046-DD30-419C-9786-010F5684E775}.Release|Any CPU.ActiveCfg = Release|Any CPU
		{D0021046-DD30-419C-9786-010F5684E775}.Release|Any CPU.Build.0 = Release|Any CPU
	EndGlobalSection
	GlobalSection(SolutionProperties) = preSolution
		HideSolutionNode = FALSE
	EndGlobalSection
EndGlobal